
Microsoft Visual Studio Solution File, Format Version 12.00
# Visual Studio Version 16
VisualStudioVersion = 16.0.31624.102
MinimumVisualStudioVersion = 10.0.40219.1
Project("{FAE04EC0-301F-11D3-BF4B-00C04F79EFBC}") = "MatchGame", "MatchGame\MatchGame.csproj", "{6FDC2343-E66D-4053-8D75-017365A020E4}"
EndProject
Global
	GlobalSection(SolutionConfigurationPlatforms) = preSolution
		Debug|Any CPU = Debug|Any CPU
		Release|Any CPU = Release|Any CPU
	EndGlobalSection
	GlobalSection(ProjectConfigurationPlatforms) = postSolution
		{6FDC2343-E66D-4053-8D75-017365A020E4}.Debug|Any CPU.ActiveCfg = Debug|Any CPU
		{6FDC2343-E66D-4053-8D75-017365A020E4}.Debug|Any CPU.Build.0 = Debug|Any CPU
		{6FDC2343-E66D-4053-8D75-017365A020E4}.Release|Any CPU.ActiveCfg = Release|Any CPU
		{6FDC2343-E66D-4053-8D75-017365A020E4}.Release|Any CPU.Build.0 = Release|Any CPU
	EndGlobalSection
	GlobalSection(SolutionProperties) = preSolution
		HideSolutionNode = FALSE
	EndGlobalSection
	GlobalSection(ExtensibilityGlobals) = postSolution
		SolutionGuid = {A568F4D5-64DF-4D2A-A917-7816782F80C2}
	EndGlobalSection
EndGlobal
